// !$*UTF8*$!
{
	archiveVersion = 1;
	classes = {
	};
	objectVersion = 46;
	objects = {

/* Begin PBXBuildFile section */
		556BEB2013314D830079AC60 /* UIKit.framework in Frameworks */ = {isa = PBXBuildFile; fileRef = 556BEB1F13314D830079AC60 /* UIKit.framework */; };
		55B0AEDC132EECC00063FFC1 /* parametersXYViewController.mm in Sources */ = {isa = PBXBuildFile; fileRef = 55B0AEDB132EECC00063FFC1 /* parametersXYViewController.mm */; };
		55B0AEE6132FFEC00063FFC1 /* SingletonSoundManager.mm in Sources */ = {isa = PBXBuildFile; fileRef = 55B0AEE5132FFEC00063FFC1 /* SingletonSoundManager.mm */; };
		55D065C4133BEB1100AD42C1 /* tutorial_bank.fsb in Resources */ = {isa = PBXBuildFile; fileRef = 55D065B2133BEB1100AD42C1 /* tutorial_bank.fsb */; };
		55D065C5133BEB1100AD42C1 /* streaming_bank.fsb in Resources */ = {isa = PBXBuildFile; fileRef = 55D065B4133BEB1100AD42C1 /* streaming_bank.fsb */; };
		55D065C6133BEB1100AD42C1 /* examples.fdp in Resources */ = {isa = PBXBuildFile; fileRef = 55D065B6133BEB1100AD42C1 /* examples.fdp */; };
		55D065C7133BEB1100AD42C1 /* parametersXYView.xib in Resources */ = {isa = PBXBuildFile; fileRef = 55D065B8133BEB1100AD42C1 /* parametersXYView.xib */; };
		55D065C8133BEB1100AD42C1 /* examples.fev in Resources */ = {isa = PBXBuildFile; fileRef = 55D065BA133BEB1100AD42C1 /* examples.fev */; };
		55D065C9133BEB1100AD42C1 /* MainWindow.xib in Resources */ = {isa = PBXBuildFile; fileRef = 55D065BC133BEB1100AD42C1 /* MainWindow.xib */; };
		55D065CA133BEB1100AD42C1 /* fmod_soundbankViewController.xib in Resources */ = {isa = PBXBuildFile; fileRef = 55D065BE133BEB1100AD42C1 /* fmod_soundbankViewController.xib */; };
		55D065CB133BEB1100AD42C1 /* engaud_applogo.png in Resources */ = {isa = PBXBuildFile; fileRef = 55D065C0133BEB1100AD42C1 /* engaud_applogo.png */; };
		55D065CC133BEB1100AD42C1 /* engaud_appicon.png in Resources */ = {isa = PBXBuildFile; fileRef = 55D065C2133BEB1100AD42C1 /* engaud_appicon.png */; };
		55D1A250132C00EF005B95F5 /* fmod_soundbankAppDelegate.mm in Sources */ = {isa = PBXBuildFile; fileRef = 55D1A24E132C00EF005B95F5 /* fmod_soundbankAppDelegate.mm */; };
		55D1A251132C00EF005B95F5 /* fmod_soundbankViewController.mm in Sources */ = {isa = PBXBuildFile; fileRef = 55D1A24F132C00EF005B95F5 /* fmod_soundbankViewController.mm */; };
		55F46BAA132BDEE0008FC51A /* Foundation.framework in Frameworks */ = {isa = PBXBuildFile; fileRef = 55F46BA9132BDEE0008FC51A /* Foundation.framework */; };
		55F46BAC132BDEE0008FC51A /* CoreGraphics.framework in Frameworks */ = {isa = PBXBuildFile; fileRef = 55F46BAB132BDEE0008FC51A /* CoreGraphics.framework */; };
		55F46BB2132BDEE0008FC51A /* InfoPlist.strings in Resources */ = {isa = PBXBuildFile; fileRef = 55F46BB0132BDEE0008FC51A /* InfoPlist.strings */; };
		55F46BB5132BDEE0008FC51A /* main.m in Sources */ = {isa = PBXBuildFile; fileRef = 55F46BB4132BDEE0008FC51A /* main.m */; };
		55FCD72013302A640070CA34 /* AudioToolbox.framework in Frameworks */ = {isa = PBXBuildFile; fileRef = 55FCD71F13302A640070CA34 /* AudioToolbox.framework */; };
		55FCD72313302A8A0070CA34 /* CoreAudio.framework in Frameworks */ = {isa = PBXBuildFile; fileRef = 55FCD72213302A8A0070CA34 /* CoreAudio.framework */; };
		80741FAC181E139600F0A22E /* Default-568h@2x.png in Resources */ = {isa = PBXBuildFile; fileRef = 80741FAB181E139600F0A22E /* Default-568h@2x.png */; };
/* End PBXBuildFile section */

/* Begin PBXFileReference section */
		556BEB1F13314D830079AC60 /* UIKit.framework */ = {isa = PBXFileReference; lastKnownFileType = wrapper.framework; name = UIKit.framework; path = System/Library/Frameworks/UIKit.framework; sourceTree = SDKROOT; };
		55A91CF7132E555E004087CB /* parametersXYViewController.h */ = {isa = PBXFileReference; fileEncoding = 4; lastKnownFileType = sourcecode.c.h; path = parametersXYViewController.h; sourceTree = "<group>"; };
		55B0AEDB132EECC00063FFC1 /* parametersXYViewController.mm */ = {isa = PBXFileReference; fileEncoding = 4; lastKnownFileType = sourcecode.cpp.objcpp; path = parametersXYViewController.mm; sourceTree = "<group>"; };
		55B0AEE2132FF84D0063FFC1 /* SingletonSoundManager.h */ = {isa = PBXFileReference; fileEncoding = 4; lastKnownFileType = sourcecode.c.h; path = SingletonSoundManager.h; sourceTree = "<group>"; };
		55B0AEE5132FFEC00063FFC1 /* SingletonSoundManager.mm */ = {isa = PBXFileReference; fileEncoding = 4; lastKnownFileType = sourcecode.cpp.objcpp; path = SingletonSoundManager.mm; sourceTree = "<group>"; };
		55D065B3133BEB1100AD42C1 /* en */ = {isa = PBXFileReference; lastKnownFileType = file; name = en; path = en.lproj/tutorial_bank.fsb; sourceTree = "<group>"; };
		55D065B5133BEB1100AD42C1 /* en */ = {isa = PBXFileReference; lastKnownFileType = file; name = en; path = en.lproj/streaming_bank.fsb; sourceTree = "<group>"; };
		55D065B7133BEB1100AD42C1 /* en */ = {isa = PBXFileReference; lastKnownFileType = text; name = en; path = en.lproj/examples.fdp; sourceTree = "<group>"; };
		55D065B9133BEB1100AD42C1 /* en */ = {isa = PBXFileReference; lastKnownFileType = file.xib; name = en; path = en.lproj/parametersXYView.xib; sourceTree = "<group>"; };
		55D065BB133BEB1100AD42C1 /* en */ = {isa = PBXFileReference; lastKnownFileType = file; name = en; path = en.lproj/examples.fev; sourceTree = "<group>"; };
		55D065BD133BEB1100AD42C1 /* en */ = {isa = PBXFileReference; lastKnownFileType = file.xib; name = en; path = en.lproj/MainWindow.xib; sourceTree = "<group>"; };
		55D065BF133BEB1100AD42C1 /* en */ = {isa = PBXFileReference; lastKnownFileType = file.xib; name = en; path = en.lproj/fmod_soundbankViewController.xib; sourceTree = "<group>"; };
		55D065C1133BEB1100AD42C1 /* en */ = {isa = PBXFileReference; lastKnownFileType = image.png; name = en; path = en.lproj/engaud_applogo.png; sourceTree = "<group>"; };
		55D065C3133BEB1100AD42C1 /* en */ = {isa = PBXFileReference; lastKnownFileType = image.png; name = en; path = en.lproj/engaud_appicon.png; sourceTree = "<group>"; };
		55D1A24E132C00EF005B95F5 /* fmod_soundbankAppDelegate.mm */ = {isa = PBXFileReference; fileEncoding = 4; lastKnownFileType = sourcecode.cpp.objcpp; path = fmod_soundbankAppDelegate.mm; sourceTree = "<group>"; };
		55D1A24F132C00EF005B95F5 /* fmod_soundbankViewController.mm */ = {isa = PBXFileReference; fileEncoding = 4; lastKnownFileType = sourcecode.cpp.objcpp; path = fmod_soundbankViewController.mm; sourceTree = "<group>"; };
		55F46BA3132BDEE0008FC51A /* fmod soundbank.app */ = {isa = PBXFileReference; explicitFileType = wrapper.application; includeInIndex = 0; path = "fmod soundbank.app"; sourceTree = BUILT_PRODUCTS_DIR; };
		55F46BA9132BDEE0008FC51A /* Foundation.framework */ = {isa = PBXFileReference; lastKnownFileType = wrapper.framework; name = Foundation.framework; path = System/Library/Frameworks/Foundation.framework; sourceTree = SDKROOT; };
		55F46BAB132BDEE0008FC51A /* CoreGraphics.framework */ = {isa = PBXFileReference; lastKnownFileType = wrapper.framework; name = CoreGraphics.framework; path = System/Library/Frameworks/CoreGraphics.framework; sourceTree = SDKROOT; };
		55F46BAF132BDEE0008FC51A /* fmod soundbank-Info.plist */ = {isa = PBXFileReference; lastKnownFileType = text.plist.xml; path = "fmod soundbank-Info.plist"; sourceTree = "<group>"; };
		55F46BB1132BDEE0008FC51A /* en */ = {isa = PBXFileReference; lastKnownFileType = text.plist.strings; name = en; path = en.lproj/InfoPlist.strings; sourceTree = "<group>"; };
		55F46BB3132BDEE0008FC51A /* fmod soundbank-Prefix.pch */ = {isa = PBXFileReference; lastKnownFileType = sourcecode.c.h; path = "fmod soundbank-Prefix.pch"; sourceTree = "<group>"; };
		55F46BB4132BDEE0008FC51A /* main.m */ = {isa = PBXFileReference; lastKnownFileType = sourcecode.c.objc; path = main.m; sourceTree = "<group>"; };
		55F46BB6132BDEE0008FC51A /* fmod_soundbankAppDelegate.h */ = {isa = PBXFileReference; lastKnownFileType = sourcecode.c.h; path = fmod_soundbankAppDelegate.h; sourceTree = "<group>"; };
		55F46BBC132BDEE0008FC51A /* fmod_soundbankViewController.h */ = {isa = PBXFileReference; lastKnownFileType = sourcecode.c.h; path = fmod_soundbankViewController.h; sourceTree = "<group>"; };
		55FCD71F13302A640070CA34 /* AudioToolbox.framework */ = {isa = PBXFileReference; lastKnownFileType = wrapper.framework; name = AudioToolbox.framework; path = System/Library/Frameworks/AudioToolbox.framework; sourceTree = SDKROOT; };
		55FCD72213302A8A0070CA34 /* CoreAudio.framework */ = {isa = PBXFileReference; lastKnownFileType = wrapper.framework; name = CoreAudio.framework; path = System/Library/Frameworks/CoreAudio.framework; sourceTree = SDKROOT; };
		80741FAB181E139600F0A22E /* Default-568h@2x.png */ = {isa = PBXFileReference; lastKnownFileType = image.png; path = "Default-568h@2x.png"; sourceTree = "<group>"; };
/* End PBXFileReference section */

/* Begin PBXFrameworksBuildPhase section */
		55F46BA0132BDEE0008FC51A /* Frameworks */ = {
			isa = PBXFrameworksBuildPhase;
			buildActionMask = 2147483647;
			files = (
				556BEB2013314D830079AC60 /* UIKit.framework in Frameworks */,
				55FCD72313302A8A0070CA34 /* CoreAudio.framework in Frameworks */,
				55FCD72013302A640070CA34 /* AudioToolbox.framework in Frameworks */,
				55F46BAA132BDEE0008FC51A /* Foundation.framework in Frameworks */,
				55F46BAC132BDEE0008FC51A /* CoreGraphics.framework in Frameworks */,
			);
			runOnlyForDeploymentPostprocessing = 0;
		};
/* End PBXFrameworksBuildPhase section */

/* Begin PBXGroup section */
		55F46B98132BDEE0008FC51A = {
			isa = PBXGroup;
			children = (
				80741FAB181E139600F0A22E /* Default-568h@2x.png */,
				55F46BAD132BDEE0008FC51A /* fmod soundbank */,
				55F46BA6132BDEE0008FC51A /* Frameworks */,
				55F46BA4132BDEE0008FC51A /* Products */,
			);
			sourceTree = "<group>";
		};
		55F46BA4132BDEE0008FC51A /* Products */ = {
			isa = PBXGroup;
			children = (
				55F46BA3132BDEE0008FC51A /* fmod soundbank.app */,
			);
			name = Products;
			sourceTree = "<group>";
		};
		55F46BA6132BDEE0008FC51A /* Frameworks */ = {
			isa = PBXGroup;
			children = (
				556BEB1F13314D830079AC60 /* UIKit.framework */,
				55FCD72213302A8A0070CA34 /* CoreAudio.framework */,
				55FCD71F13302A640070CA34 /* AudioToolbox.framework */,
				55F46BA9132BDEE0008FC51A /* Foundation.framework */,
				55F46BAB132BDEE0008FC51A /* CoreGraphics.framework */,
			);
			name = Frameworks;
			sourceTree = "<group>";
		};
		55F46BAD132BDEE0008FC51A /* fmod soundbank */ = {
			isa = PBXGroup;
			children = (
				55F46BAE132BDEE0008FC51A /* Supporting Files */,
				55F46BB6132BDEE0008FC51A /* fmod_soundbankAppDelegate.h */,
				55D1A24E132C00EF005B95F5 /* fmod_soundbankAppDelegate.mm */,
				55F46BBC132BDEE0008FC51A /* fmod_soundbankViewController.h */,
				55D1A24F132C00EF005B95F5 /* fmod_soundbankViewController.mm */,
				55A91CF7132E555E004087CB /* parametersXYViewController.h */,
				55B0AEDB132EECC00063FFC1 /* parametersXYViewController.mm */,
				55B0AEE2132FF84D0063FFC1 /* SingletonSoundManager.h */,
				55B0AEE5132FFEC00063FFC1 /* SingletonSoundManager.mm */,
			);
			path = "fmod soundbank";
			sourceTree = "<group>";
		};
		55F46BAE132BDEE0008FC51A /* Supporting Files */ = {
			isa = PBXGroup;
			children = (
				55D065B2133BEB1100AD42C1 /* tutorial_bank.fsb */,
				55D065B4133BEB1100AD42C1 /* streaming_bank.fsb */,
				55D065B6133BEB1100AD42C1 /* examples.fdp */,
				55D065B8133BEB1100AD42C1 /* parametersXYView.xib */,
				55D065BA133BEB1100AD42C1 /* examples.fev */,
				55D065BC133BEB1100AD42C1 /* MainWindow.xib */,
				55D065BE133BEB1100AD42C1 /* fmod_soundbankViewController.xib */,
				55D065C0133BEB1100AD42C1 /* engaud_applogo.png */,
				55D065C2133BEB1100AD42C1 /* engaud_appicon.png */,
				55F46BB0132BDEE0008FC51A /* InfoPlist.strings */,
				55F46BAF132BDEE0008FC51A /* fmod soundbank-Info.plist */,
				55F46BB3132BDEE0008FC51A /* fmod soundbank-Prefix.pch */,
				55F46BB4132BDEE0008FC51A /* main.m */,
			);
			name = "Supporting Files";
			sourceTree = "<group>";
		};
/* End PBXGroup section */

/* Begin PBXNativeTarget section */
		55F46BA2132BDEE0008FC51A /* fmod soundbank */ = {
			isa = PBXNativeTarget;
			buildConfigurationList = 55F46BDA132BDEE0008FC51A /* Build configuration list for PBXNativeTarget "fmod soundbank" */;
			buildPhases = (
				55F46B9F132BDEE0008FC51A /* Sources */,
				55F46BA0132BDEE0008FC51A /* Frameworks */,
				55F46BA1132BDEE0008FC51A /* Resources */,
			);
			buildRules = (
			);
			dependencies = (
			);
			name = "fmod soundbank";
			productName = "fmod soundbank";
			productReference = 55F46BA3132BDEE0008FC51A /* fmod soundbank.app */;
			productType = "com.apple.product-type.application";
		};
/* End PBXNativeTarget section */

/* Begin PBXProject section */
		55F46B9A132BDEE0008FC51A /* Project object */ = {
			isa = PBXProject;
			attributes = {
			};
			buildConfigurationList = 55F46B9D132BDEE0008FC51A /* Build configuration list for PBXProject "fmod soundbank" */;
			compatibilityVersion = "Xcode 3.2";
			developmentRegion = English;
			hasScannedForEncodings = 0;
			knownRegions = (
				en,
			);
			mainGroup = 55F46B98132BDEE0008FC51A;
			productRefGroup = 55F46BA4132BDEE0008FC51A /* Products */;
			projectDirPath = "";
			projectRoot = "";
			targets = (
				55F46BA2132BDEE0008FC51A /* fmod soundbank */,
			);
		};
/* End PBXProject section */

/* Begin PBXResourcesBuildPhase section */
		55F46BA1132BDEE0008FC51A /* Resources */ = {
			isa = PBXResourcesBuildPhase;
			buildActionMask = 2147483647;
			files = (
				55F46BB2132BDEE0008FC51A /* InfoPlist.strings in Resources */,
				80741FAC181E139600F0A22E /* Default-568h@2x.png in Resources */,
				55D065C4133BEB1100AD42C1 /* tutorial_bank.fsb in Resources */,
				55D065C5133BEB1100AD42C1 /* streaming_bank.fsb in Resources */,
				55D065C6133BEB1100AD42C1 /* examples.fdp in Resources */,
				55D065C7133BEB1100AD42C1 /* parametersXYView.xib in Resources */,
				55D065C8133BEB1100AD42C1 /* examples.fev in Resources */,
				55D065C9133BEB1100AD42C1 /* MainWindow.xib in Resources */,
				55D065CA133BEB1100AD42C1 /* fmod_soundbankViewController.xib in Resources */,
				55D065CB133BEB1100AD42C1 /* engaud_applogo.png in Resources */,
				55D065CC133BEB1100AD42C1 /* engaud_appicon.png in Resources */,
			);
			runOnlyForDeploymentPostprocessing = 0;
		};
/* End PBXResourcesBuildPhase section */

/* Begin PBXSourcesBuildPhase section */
		55F46B9F132BDEE0008FC51A /* Sources */ = {
			isa = PBXSourcesBuildPhase;
			buildActionMask = 2147483647;
			files = (
				55F46BB5132BDEE0008FC51A /* main.m in Sources */,
				55D1A250132C00EF005B95F5 /* fmod_soundbankAppDelegate.mm in Sources */,
				55D1A251132C00EF005B95F5 /* fmod_soundbankViewController.mm in Sources */,
				55B0AEDC132EECC00063FFC1 /* parametersXYViewController.mm in Sources */,
				55B0AEE6132FFEC00063FFC1 /* SingletonSoundManager.mm in Sources */,
			);
			runOnlyForDeploymentPostprocessing = 0;
		};
/* End PBXSourcesBuildPhase section */

/* Begin PBXVariantGroup section */
		55D065B2133BEB1100AD42C1 /* tutorial_bank.fsb */ = {
			isa = PBXVariantGroup;
			children = (
				55D065B3133BEB1100AD42C1 /* en */,
			);
			name = tutorial_bank.fsb;
			sourceTree = "<group>";
		};
		55D065B4133BEB1100AD42C1 /* streaming_bank.fsb */ = {
			isa = PBXVariantGroup;
			children = (
				55D065B5133BEB1100AD42C1 /* en */,
			);
			name = streaming_bank.fsb;
			sourceTree = "<group>";
		};
		55D065B6133BEB1100AD42C1 /* examples.fdp */ = {
			isa = PBXVariantGroup;
			children = (
				55D065B7133BEB1100AD42C1 /* en */,
			);
			name = examples.fdp;
			sourceTree = "<group>";
		};
		55D065B8133BEB1100AD42C1 /* parametersXYView.xib */ = {
			isa = PBXVariantGroup;
			children = (
				55D065B9133BEB1100AD42C1 /* en */,
			);
			name = parametersXYView.xib;
			sourceTree = "<group>";
		};
		55D065BA133BEB1100AD42C1 /* examples.fev */ = {
			isa = PBXVariantGroup;
			children = (
				55D065BB133BEB1100AD42C1 /* en */,
			);
			name = examples.fev;
			sourceTree = "<group>";
		};
		55D065BC133BEB1100AD42C1 /* MainWindow.xib */ = {
			isa = PBXVariantGroup;
			children = (
				55D065BD133BEB1100AD42C1 /* en */,
			);
			name = MainWindow.xib;
			sourceTree = "<group>";
		};
		55D065BE133BEB1100AD42C1 /* fmod_soundbankViewController.xib */ = {
			isa = PBXVariantGroup;
			children = (
				55D065BF133BEB1100AD42C1 /* en */,
			);
			name = fmod_soundbankViewController.xib;
			sourceTree = "<group>";
		};
		55D065C0133BEB1100AD42C1 /* engaud_applogo.png */ = {
			isa = PBXVariantGroup;
			children = (
				55D065C1133BEB1100AD42C1 /* en */,
			);
			name = engaud_applogo.png;
			sourceTree = "<group>";
		};
		55D065C2133BEB1100AD42C1 /* engaud_appicon.png */ = {
			isa = PBXVariantGroup;
			children = (
				55D065C3133BEB1100AD42C1 /* en */,
			);
			name = engaud_appicon.png;
			sourceTree = "<group>";
		};
		55F46BB0132BDEE0008FC51A /* InfoPlist.strings */ = {
			isa = PBXVariantGroup;
			children = (
				55F46BB1132BDEE0008FC51A /* en */,
			);
			name = InfoPlist.strings;
			sourceTree = "<group>";
		};
/* End PBXVariantGroup section */

/* Begin XCBuildConfiguration section */
		55F46BD8132BDEE0008FC51A /* Debug */ = {
			isa = XCBuildConfiguration;
			buildSettings = {
				ARCHS = "$(ARCHS_STANDARD_32_BIT)";
				"CODE_SIGN_IDENTITY[sdk=iphoneos*]" = "iPhone Developer";
				GCC_C_LANGUAGE_STANDARD = gnu99;
				GCC_OPTIMIZATION_LEVEL = 0;
				GCC_PREPROCESSOR_DEFINITIONS = DEBUG;
				GCC_SYMBOLS_PRIVATE_EXTERN = NO;
				GCC_VERSION = com.apple.compilers.llvmgcc42;
				GCC_WARN_ABOUT_RETURN_TYPE = YES;
				GCC_WARN_UNUSED_VARIABLE = YES;
				HEADER_SEARCH_PATHS = (
					../../api/inc,
					../../../api/inc,
				);
				IPHONEOS_DEPLOYMENT_TARGET = 4.3;
				LIBRARY_SEARCH_PATHS = (
					../../../api/lib,
					../../api/lib,
				);
				OTHER_LDFLAGS = (
					"-lfmodeventnetL_$PLATFORM_NAME",
					"-lfmodeventL_$PLATFORM_NAME",
					"-lfmodexL_$PLATFORM_NAME",
				);
				SDKROOT = iphoneos;
			};
			name = Debug;
		};
		55F46BD9132BDEE0008FC51A /* Release */ = {
			isa = XCBuildConfiguration;
			buildSettings = {
				ARCHS = "$(ARCHS_STANDARD_32_BIT)";
				"CODE_SIGN_IDENTITY[sdk=iphoneos*]" = "iPhone Developer";
				GCC_C_LANGUAGE_STANDARD = gnu99;
				GCC_VERSION = com.apple.compilers.llvmgcc42;
				GCC_WARN_ABOUT_RETURN_TYPE = YES;
				GCC_WARN_UNUSED_VARIABLE = YES;
				HEADER_SEARCH_PATHS = (
					../../api/inc,
					../../../api/inc,
				);
				IPHONEOS_DEPLOYMENT_TARGET = 4.3;
				LIBRARY_SEARCH_PATHS = (
					../../../api/lib,
					../../api/lib,
				);
				OTHER_CFLAGS = "-DNS_BLOCK_ASSERTIONS=1";
				OTHER_LDFLAGS = (
					"-lfmodeventnetL_$PLATFORM_NAME",
					"-lfmodeventL_$PLATFORM_NAME",
					"-lfmodexL_$PLATFORM_NAME",
				);
				SDKROOT = iphoneos;
			};
			name = Release;
		};
		55F46BDB132BDEE0008FC51A /* Debug */ = {
			isa = XCBuildConfiguration;
			buildSettings = {
				ALWAYS_SEARCH_USER_PATHS = NO;
				COPY_PHASE_STRIP = NO;
				GCC_DYNAMIC_NO_PIC = NO;
				GCC_PRECOMPILE_PREFIX_HEADER = YES;
				GCC_PREFIX_HEADER = "fmod soundbank/fmod soundbank-Prefix.pch";
				INFOPLIST_FILE = "fmod soundbank/fmod soundbank-Info.plist";
				PRODUCT_NAME = "$(TARGET_NAME)";
				WRAPPER_EXTENSION = app;
			};
			name = Debug;
		};
		55F46BDC132BDEE0008FC51A /* Release */ = {
			isa = XCBuildConfiguration;
			buildSettings = {
				ALWAYS_SEARCH_USER_PATHS = NO;
				COPY_PHASE_STRIP = YES;
				GCC_PRECOMPILE_PREFIX_HEADER = YES;
				GCC_PREFIX_HEADER = "fmod soundbank/fmod soundbank-Prefix.pch";
				INFOPLIST_FILE = "fmod soundbank/fmod soundbank-Info.plist";
				PRODUCT_NAME = "$(TARGET_NAME)";
				VALIDATE_PRODUCT = YES;
				WRAPPER_EXTENSION = app;
			};
			name = Release;
		};
/* End XCBuildConfiguration section */

/* Begin XCConfigurationList section */
		55F46B9D132BDEE0008FC51A /* Build configuration list for PBXProject "fmod soundbank" */ = {
			isa = XCConfigurationList;
			buildConfigurations = (
				55F46BD8132BDEE0008FC51A /* Debug */,
				55F46BD9132BDEE0008FC51A /* Release */,
			);
			defaultConfigurationIsVisible = 0;
			defaultConfigurationName = Release;
		};
		55F46BDA132BDEE0008FC51A /* Build configuration list for PBXNativeTarget "fmod soundbank" */ = {
			isa = XCConfigurationList;
			buildConfigurations = (
				55F46BDB132BDEE0008FC51A /* Debug */,
				55F46BDC132BDEE0008FC51A /* Release */,
			);
			defaultConfigurationIsVisible = 0;
			defaultConfigurationName = Release;
		};
/* End XCConfigurationList section */
	};
	rootObject = 55F46B9A132BDEE0008FC51A /* Project object */;
}
